
Microsoft Visual Studio Solution File, Format Version 12.00
# Visual Studio Version 17
VisualStudioVersion = 17.10.35027.167
MinimumVisualStudioVersion = 10.0.40219.1
Project("{FAE04EC0-301F-11D3-BF4B-00C04F79EFBC}") = "HighSchoolMarathon.DataAccess", "HighSchoolMarathon.DataAccess\HighSchoolMarathon.DataAccess.csproj", "{FD80EB0E-0976-445B-9ABA-3F31E44E4E04}"
EndProject
Project("{FAE04EC0-301F-11D3-BF4B-00C04F79EFBC}") = "HighSchoolMarathon.WebApp", "HighSchoolMarathon.WebApp\HighSchoolMarathon.WebApp.csproj", "{59524D46-BB50-4A48-857F-CF7884759B4D}"
EndProject
Project("{FAE04EC0-301F-11D3-BF4B-00C04F79EFBC}") = "HighSchoolMarathon.Common", "HighSchoolMarathon.Common\HighSchoolMarathon.Common.csproj", "{2AC9251D-1C61-4F56-8C6D-E3A056AF8D3B}"
EndProject
Global
	GlobalSection(SolutionConfigurationPlatforms) = preSolution
		Debug|Any CPU = Debug|Any CPU
		Release|Any CPU = Release|Any CPU
	EndGlobalSection
	GlobalSection(ProjectConfigurationPlatforms) = postSolution
		{FD80EB0E-0976-445B-9ABA-3F31E44E4E04}.Debug|Any CPU.ActiveCfg = Debug|Any CPU
		{FD80EB0E-0976-445B-9ABA-3F31E44E4E04}.Debug|Any CPU.Build.0 = Debug|Any CPU
		{FD80EB0E-0976-445B-9ABA-3F31E44E4E04}.Release|Any CPU.ActiveCfg = Release|Any CPU
		{FD80EB0E-0976-445B-9ABA-3F31E44E4E04}.Release|Any CPU.Build.0 = Release|Any CPU
		{59524D46-BB50-4A48-857F-CF7884759B4D}.Debug|Any CPU.ActiveCfg = Debug|Any CPU
		{59524D46-BB50-4A48-857F-CF7884759B4D}.Debug|Any CPU.Build.0 = Debug|Any CPU
		{59524D46-BB50-4A48-857F-CF7884759B4D}.Release|Any CPU.ActiveCfg = Release|Any CPU
		{59524D46-BB50-4A48-857F-CF7884759B4D}.Release|Any CPU.Build.0 = Release|Any CPU
		{2AC9251D-1C61-4F56-8C6D-E3A056AF8D3B}.Debug|Any CPU.ActiveCfg = Debug|Any CPU
		{2AC9251D-1C61-4F56-8C6D-E3A056AF8D3B}.Debug|Any CPU.Build.0 = Debug|Any CPU
		{2AC9251D-1C61-4F56-8C6D-E3A056AF8D3B}.Release|Any CPU.ActiveCfg = Release|Any CPU
		{2AC9251D-1C61-4F56-8C6D-E3A056AF8D3B}.Release|Any CPU.Build.0 = Release|Any CPU
	EndGlobalSection
	GlobalSection(SolutionProperties) = preSolution
		HideSolutionNode = FALSE
	EndGlobalSection
	GlobalSection(ExtensibilityGlobals) = postSolution
		SolutionGuid = {F64D45CD-B5F4-497E-AFFF-883138677568}
	EndGlobalSection
EndGlobal
